{
  "name": "k8s-mail",
  "version": "1.0.0",
  "lockfileVersion": 3,
  "requires": true,
  "packages": {
    "": {
      "name": "k8s-mail",
      "version": "1.0.0",
      "license": "UNLICENSED",
      "dependencies": {
        "argon2": "^0.40.3",
        "js-yaml": "^4.1.1",
        "node-forge": "^1.3.2",
        "readline-sync": "^1.4.10",
        "uuid": "^9.0.1"
      },
      "devDependencies": {
        "@types/node": "^20.12.12",
        "typescript": "^5.4.5",
        "ws": ">= 8.17.1"
      }
    },
    "node_modules/@phc/format": {
      "version": "1.0.0",
      "resolved": "https://registry.npmjs.org/@phc/format/-/format-1.0.0.tgz",
      "integrity": "sha512-m7X9U6BG2+J+R1lSOdCiITLLrxm+cWlNI3HUFA92oLO77ObGNzaKdh8pMLqdZcshtkKuV84olNNXDfMc4FezBQ==",
      "engines": {
        "node": ">=10"
      }
    },
    "node_modules/@types/node": {
      "version": "20.12.12",
      "resolved": "https://registry.npmjs.org/@types/node/-/node-20.12.12.tgz",
      "integrity": "sha512-eWLDGF/FOSPtAvEqeRAQ4C8LSA7M1I7i0ky1I8U7kD1J5ITyW3AsRhQrKVoWf5pFKZ2kILsEGJhsI9r93PYnOw==",
      "dev": true,
      "dependencies": {
        "undici-types": "~5.26.4"
      }
    },
    "node_modules/argon2": {
      "version": "0.40.3",
      "resolved": "https://registry.npmjs.org/argon2/-/argon2-0.40.3.tgz",
      "integrity": "sha512-FrSmz4VeM91jwFvvjsQv9GYp6o/kARWoYKjbjDB2U5io1H3e5X67PYGclFDeQff6UXIhUd4aHR3mxCdBbMMuQw==",
      "hasInstallScript": true,
      "dependencies": {
        "@phc/format": "^1.0.0",
        "node-addon-api": "^8.0.0",
        "node-gyp-build": "^4.8.0"
      },
      "engines": {
        "node": ">=16.17.0"
      }
    },
    "node_modules/argparse": {
      "version": "2.0.1",
      "resolved": "https://registry.npmjs.org/argparse/-/argparse-2.0.1.tgz",
      "integrity": "sha512-8+9WqebbFzpX9OR+Wa6O29asIogeRMzcGtAINdpMHHyAg10f05aSFVBbcEqGf/PXw1EjAZ+q2/bEBg3DvurK3Q=="
    },
    "node_modules/js-yaml": {
      "version": "4.1.1",
      "resolved": "https://registry.npmjs.org/js-yaml/-/js-yaml-4.1.1.tgz",
      "integrity": "sha512-qQKT4zQxXl8lLwBtHMWwaTcGfFOZviOJet3Oy/xmGk2gZH677CJM9EvtfdSkgWcATZhj/55JZ0rmy3myCT5lsA==",
      "license": "MIT",
      "dependencies": {
        "argparse": "^2.0.1"
      },
      "bin": {
        "js-yaml": "bin/js-yaml.js"
      }
    },
    "node_modules/node-addon-api": {
      "version": "8.0.0",
      "resolved": "https://registry.npmjs.org/node-addon-api/-/node-addon-api-8.0.0.tgz",
      "integrity": "sha512-ipO7rsHEBqa9STO5C5T10fj732ml+5kLN1cAG8/jdHd56ldQeGj3Q7+scUS+VHK/qy1zLEwC4wMK5+yM0btPvw==",
      "engines": {
        "node": "^18 || ^20 || >= 21"
      }
    },
    "node_modules/node-forge": {
      "version": "1.3.2",
      "resolved": "https://registry.npmjs.org/node-forge/-/node-forge-1.3.2.tgz",
      "integrity": "sha512-6xKiQ+cph9KImrRh0VsjH2d8/GXA4FIMlgU4B757iI1ApvcyA9VlouP0yZJha01V+huImO+kKMU7ih+2+E14fw==",
      "license": "(BSD-3-Clause OR GPL-2.0)",
      "engines": {
        "node": ">= 6.13.0"
      }
    },
    "node_modules/node-gyp-build": {
      "version": "4.8.1",
      "resolved": "https://registry.npmjs.org/node-gyp-build/-/node-gyp-build-4.8.1.tgz",
      "integrity": "sha512-OSs33Z9yWr148JZcbZd5WiAXhh/n9z8TxQcdMhIOlpN9AhWpLfvVFO73+m77bBABQMaY9XSvIa+qk0jlI7Gcaw==",
      "bin": {
        "node-gyp-build": "bin.js",
        "node-gyp-build-optional": "optional.js",
        "node-gyp-build-test": "build-test.js"
      }
    },
    "node_modules/readline-sync": {
      "version": "1.4.10",
      "resolved": "https://registry.npmjs.org/readline-sync/-/readline-sync-1.4.10.tgz",
      "integrity": "sha512-gNva8/6UAe8QYepIQH/jQ2qn91Qj0B9sYjMBBs3QOB8F2CXcKgLxQaJRP76sWVRQt+QU+8fAkCbCvjjMFu7Ycw==",
      "engines": {
        "node": ">= 0.8.0"
      }
    },
    "node_modules/typescript": {
      "version": "5.4.5",
      "resolved": "https://registry.npmjs.org/typescript/-/typescript-5.4.5.tgz",
      "integrity": "sha512-vcI4UpRgg81oIRUFwR0WSIHKt11nJ7SAVlYNIu+QpqeyXP+gpQJy/Z4+F0aGxSE4MqwjyXvW/TzgkLAx2AGHwQ==",
      "dev": true,
      "bin": {
        "tsc": "bin/tsc",
        "tsserver": "bin/tsserver"
      },
      "engines": {
        "node": ">=14.17"
      }
    },
    "node_modules/undici-types": {
      "version": "5.26.5",
      "resolved": "https://registry.npmjs.org/undici-types/-/undici-types-5.26.5.tgz",
      "integrity": "sha512-JlCMO+ehdEIKqlFxk6IfVoAUVmgz7cU7zD/h9XZ0qzeosSHmUJVOzSQvvYSYWXkFXC+IfLKSIffhv0sVZup6pA==",
      "dev": true
    },
    "node_modules/uuid": {
      "version": "9.0.1",
      "resolved": "https://registry.npmjs.org/uuid/-/uuid-9.0.1.tgz",
      "integrity": "sha512-b+1eJOlsR9K8HJpow9Ok3fiWOWSIcIzXodvv0rQjVoOVNpWMpxf1wZNpt4y9h10odCNrqnYp1OBzRktckBe3sA==",
      "funding": [
        "https://github.com/sponsors/broofa",
        "https://github.com/sponsors/ctavan"
      ],
      "bin": {
        "uuid": "dist/bin/uuid"
      }
    },
    "node_modules/ws": {
      "version": "8.17.1",
      "resolved": "https://registry.npmjs.org/ws/-/ws-8.17.1.tgz",
      "integrity": "sha512-6XQFvXTkbfUOZOKKILFG1PDK2NDQs4azKQl26T0YS5CxqWLgXajbPZ+h4gZekJyRqFU8pvnbAbbs/3TgRPy+GQ==",
      "dev": true,
      "engines": {
        "node": ">=10.0.0"
      },
      "peerDependencies": {
        "bufferutil": "^4.0.1",
        "utf-8-validate": ">=5.0.2"
      },
      "peerDependenciesMeta": {
        "bufferutil": {
          "optional": true
        },
        "utf-8-validate": {
          "optional": true
        }
      }
    }
  }
}
